// !$*UTF8*$!
{
	archiveVersion = 1;
	classes = {
	};
	objectVersion = 50;
	objects = {

/* Begin PBXBuildFile section */
		8A648217260044F600C7B822 /* astronauts.json in Resources */ = {isa = PBXBuildFile; fileRef = 8A648215260044F600C7B822 /* astronauts.json */; };
		8A648218260044F600C7B822 /* missions.json in Resources */ = {isa = PBXBuildFile; fileRef = 8A648216260044F600C7B822 /* missions.json */; };
		8A64821B2600457700C7B822 /* Astronaut.swift in Sources */ = {isa = PBXBuildFile; fileRef = 8A64821A2600457700C7B822 /* Astronaut.swift */; };
		8A64821E260046E700C7B822 /* Bundle-Decodable.swift in Sources */ = {isa = PBXBuildFile; fileRef = 8A64821D260046E700C7B822 /* Bundle-Decodable.swift */; };
		8A6482212600510400C7B822 /* Mission.swift in Sources */ = {isa = PBXBuildFile; fileRef = 8A6482202600510400C7B822 /* Mission.swift */; };
		8A6482242600A34E00C7B822 /* MissionView.swift in Sources */ = {isa = PBXBuildFile; fileRef = 8A6482232600A34E00C7B822 /* MissionView.swift */; };
		8A6482272600B57B00C7B822 /* AstronautView.swift in Sources */ = {isa = PBXBuildFile; fileRef = 8A6482262600B57B00C7B822 /* AstronautView.swift */; };
		8AB2FBC525FF6D190089F51D /* MoonShot_SwiftUIApp.swift in Sources */ = {isa = PBXBuildFile; fileRef = 8AB2FBC425FF6D190089F51D /* MoonShot_SwiftUIApp.swift */; };
		8AB2FBC725FF6D190089F51D /* ContentView.swift in Sources */ = {isa = PBXBuildFile; fileRef = 8AB2FBC625FF6D190089F51D /* ContentView.swift */; };
		8AB2FBC925FF6D1B0089F51D /* Assets.xcassets in Resources */ = {isa = PBXBuildFile; fileRef = 8AB2FBC825FF6D1B0089F51D /* Assets.xcassets */; };
		8AB2FBCC25FF6D1B0089F51D /* Preview Assets.xcassets in Resources */ = {isa = PBXBuildFile; fileRef = 8AB2FBCB25FF6D1B0089F51D /* Preview Assets.xcassets */; };
/* End PBXBuildFile section */

/* Begin PBXFileReference section */
		8A648215260044F600C7B822 /* astronauts.json */ = {isa = PBXFileReference; fileEncoding = 4; lastKnownFileType = text.json; path = astronauts.json; sourceTree = "<group>"; };
		8A648216260044F600C7B822 /* missions.json */ = {isa = PBXFileReference; fileEncoding = 4; lastKnownFileType = text.json; path = missions.json; sourceTree = "<group>"; };
		8A64821A2600457700C7B822 /* Astronaut.swift */ = {isa = PBXFileReference; lastKnownFileType = sourcecode.swift; path = Astronaut.swift; sourceTree = "<group>"; };
		8A64821D260046E700C7B822 /* Bundle-Decodable.swift */ = {isa = PBXFileReference; lastKnownFileType = sourcecode.swift; path = "Bundle-Decodable.swift"; sourceTree = "<group>"; };
		8A6482202600510400C7B822 /* Mission.swift */ = {isa = PBXFileReference; lastKnownFileType = sourcecode.swift; path = Mission.swift; sourceTree = "<group>"; };
		8A6482232600A34E00C7B822 /* MissionView.swift */ = {isa = PBXFileReference; lastKnownFileType = sourcecode.swift; path = MissionView.swift; sourceTree = "<group>"; };
		8A6482262600B57B00C7B822 /* AstronautView.swift */ = {isa = PBXFileReference; lastKnownFileType = sourcecode.swift; path = AstronautView.swift; sourceTree = "<group>"; };
		8AB2FBC125FF6D190089F51D /* MoonShot SwiftUI.app */ = {isa = PBXFileReference; explicitFileType = wrapper.application; includeInIndex = 0; path = "MoonShot SwiftUI.app"; sourceTree = BUILT_PRODUCTS_DIR; };
		8AB2FBC425FF6D190089F51D /* MoonShot_SwiftUIApp.swift */ = {isa = PBXFileReference; lastKnownFileType = sourcecode.swift; path = MoonShot_SwiftUIApp.swift; sourceTree = "<group>"; };
		8AB2FBC625FF6D190089F51D /* ContentView.swift */ = {isa = PBXFileReference; lastKnownFileType = sourcecode.swift; path = ContentView.swift; sourceTree = "<group>"; };
		8AB2FBC825FF6D1B0089F51D /* Assets.xcassets */ = {isa = PBXFileReference; lastKnownFileType = folder.assetcatalog; path = Assets.xcassets; sourceTree = "<group>"; };
		8AB2FBCB25FF6D1B0089F51D /* Preview Assets.xcassets */ = {isa = PBXFileReference; lastKnownFileType = folder.assetcatalog; path = "Preview Assets.xcassets"; sourceTree = "<group>"; };
		8AB2FBCD25FF6D1B0089F51D /* Info.plist */ = {isa = PBXFileReference; lastKnownFileType = text.plist.xml; path = Info.plist; sourceTree = "<group>"; };
/* End PBXFileReference section */

/* Begin PBXFrameworksBuildPhase section */
		8AB2FBBE25FF6D190089F51D /* Frameworks */ = {
			isa = PBXFrameworksBuildPhase;
			buildActionMask = 2147483647;
			files = (
			);
			runOnlyForDeploymentPostprocessing = 0;
		};
/* End PBXFrameworksBuildPhase section */

/* Begin PBXGroup section */
		8AB2FBB825FF6D180089F51D = {
			isa = PBXGroup;
			children = (
				8AB2FBC325FF6D190089F51D /* MoonShot SwiftUI */,
				8AB2FBC225FF6D190089F51D /* Products */,
			);
			sourceTree = "<group>";
		};
		8AB2FBC225FF6D190089F51D /* Products */ = {
			isa = PBXGroup;
			children = (
				8AB2FBC125FF6D190089F51D /* MoonShot SwiftUI.app */,
			);
			name = Products;
			sourceTree = "<group>";
		};
		8AB2FBC325FF6D190089F51D /* MoonShot SwiftUI */ = {
			isa = PBXGroup;
			children = (
				8AB2FBC425FF6D190089F51D /* MoonShot_SwiftUIApp.swift */,
				8AB2FBC625FF6D190089F51D /* ContentView.swift */,
				8A6482262600B57B00C7B822 /* AstronautView.swift */,
				8A6482232600A34E00C7B822 /* MissionView.swift */,
				8AB2FBC825FF6D1B0089F51D /* Assets.xcassets */,
				8AB2FBCD25FF6D1B0089F51D /* Info.plist */,
				8A648215260044F600C7B822 /* astronauts.json */,
				8A64821A2600457700C7B822 /* Astronaut.swift */,
				8A64821D260046E700C7B822 /* Bundle-Decodable.swift */,
				8A6482202600510400C7B822 /* Mission.swift */,
				8A648216260044F600C7B822 /* missions.json */,
				8AB2FBCA25FF6D1B0089F51D /* Preview Content */,
			);
			path = "MoonShot SwiftUI";
			sourceTree = "<group>";
		};
		8AB2FBCA25FF6D1B0089F51D /* Preview Content */ = {
			isa = PBXGroup;
			children = (
				8AB2FBCB25FF6D1B0089F51D /* Preview Assets.xcassets */,
			);
			path = "Preview Content";
			sourceTree = "<group>";
		};
/* End PBXGroup section */

/* Begin PBXNativeTarget section */
		8AB2FBC025FF6D190089F51D /* MoonShot SwiftUI */ = {
			isa = PBXNativeTarget;
			buildConfigurationList = 8AB2FBD025FF6D1B0089F51D /* Build configuration list for PBXNativeTarget "MoonShot SwiftUI" */;
			buildPhases = (
				8AB2FBBD25FF6D190089F51D /* Sources */,
				8AB2FBBE25FF6D190089F51D /* Frameworks */,
				8AB2FBBF25FF6D190089F51D /* Resources */,
			);
			buildRules = (
			);
			dependencies = (
			);
			name = "MoonShot SwiftUI";
			productName = "MoonShot SwiftUI";
			productReference = 8AB2FBC125FF6D190089F51D /* MoonShot SwiftUI.app */;
			productType = "com.apple.product-type.application";
		};
/* End PBXNativeTarget section */

/* Begin PBXProject section */
		8AB2FBB925FF6D180089F51D /* Project object */ = {
			isa = PBXProject;
			attributes = {
				LastSwiftUpdateCheck = 1240;
				LastUpgradeCheck = 1240;
				TargetAttributes = {
					8AB2FBC025FF6D190089F51D = {
						CreatedOnToolsVersion = 12.4;
					};
				};
			};
			buildConfigurationList = 8AB2FBBC25FF6D180089F51D /* Build configuration list for PBXProject "MoonShot SwiftUI" */;
			compatibilityVersion = "Xcode 9.3";
			developmentRegion = en;
			hasScannedForEncodings = 0;
			knownRegions = (
				en,
				Base,
			);
			mainGroup = 8AB2FBB825FF6D180089F51D;
			productRefGroup = 8AB2FBC225FF6D190089F51D /* Products */;
			projectDirPath = "";
			projectRoot = "";
			targets = (
				8AB2FBC025FF6D190089F51D /* MoonShot SwiftUI */,
			);
		};
/* End PBXProject section */

/* Begin PBXResourcesBuildPhase section */
		8AB2FBBF25FF6D190089F51D /* Resources */ = {
			isa = PBXResourcesBuildPhase;
			buildActionMask = 2147483647;
			files = (
				8A648217260044F600C7B822 /* astronauts.json in Resources */,
				8AB2FBCC25FF6D1B0089F51D /* Preview Assets.xcassets in Resources */,
				8A648218260044F600C7B822 /* missions.json in Resources */,
				8AB2FBC925FF6D1B0089F51D /* Assets.xcassets in Resources */,
			);
			runOnlyForDeploymentPostprocessing = 0;
		};
/* End PBXResourcesBuildPhase section */

/* Begin PBXSourcesBuildPhase section */
		8AB2FBBD25FF6D190089F51D /* Sources */ = {
			isa = PBXSourcesBuildPhase;
			buildActionMask = 2147483647;
			files = (
				8A6482272600B57B00C7B822 /* AstronautView.swift in Sources */,
				8A64821B2600457700C7B822 /* Astronaut.swift in Sources */,
				8AB2FBC725FF6D190089F51D /* ContentView.swift in Sources */,
				8AB2FBC525FF6D190089F51D /* MoonShot_SwiftUIApp.swift in Sources */,
				8A6482212600510400C7B822 /* Mission.swift in Sources */,
				8A64821E260046E700C7B822 /* Bundle-Decodable.swift in Sources */,
				8A6482242600A34E00C7B822 /* MissionView.swift in Sources */,
			);
			runOnlyForDeploymentPostprocessing = 0;
		};
/* End PBXSourcesBuildPhase section */

/* Begin XCBuildConfiguration section */
		8AB2FBCE25FF6D1B0089F51D /* Debug */ = {
			isa = XCBuildConfiguration;
			buildSettings = {
				ALWAYS_SEARCH_USER_PATHS = NO;
				CLANG_ANALYZER_NONNULL = YES;
				CLANG_ANALYZER_NUMBER_OBJECT_CONVERSION = YES_AGGRESSIVE;
				CLANG_CXX_LANGUAGE_STANDARD = "gnu++14";
				CLANG_CXX_LIBRARY = "libc++";
				CLANG_ENABLE_MODULES = YES;
				CLANG_ENABLE_OBJC_ARC = YES;
				CLANG_ENABLE_OBJC_WEAK = YES;
				CLANG_WARN_BLOCK_CAPTURE_AUTORELEASING = YES;
				CLANG_WARN_BOOL_CONVERSION = YES;
				CLANG_WARN_COMMA = YES;
				CLANG_WARN_CONSTANT_CONVERSION = YES;
				CLANG_WARN_DEPRECATED_OBJC_IMPLEMENTATIONS = YES;
				CLANG_WARN_DIRECT_OBJC_ISA_USAGE = YES_ERROR;
				CLANG_WARN_DOCUMENTATION_COMMENTS = YES;
				CLANG_WARN_EMPTY_BODY = YES;
				CLANG_WARN_ENUM_CONVERSION = YES;
				CLANG_WARN_INFINITE_RECURSION = YES;
				CLANG_WARN_INT_CONVERSION = YES;
				CLANG_WARN_NON_LITERAL_NULL_CONVERSION = YES;
				CLANG_WARN_OBJC_IMPLICIT_RETAIN_SELF = YES;
				CLANG_WARN_OBJC_LITERAL_CONVERSION = YES;
				CLANG_WARN_OBJC_ROOT_CLASS = YES_ERROR;
				CLANG_WARN_QUOTED_INCLUDE_IN_FRAMEWORK_HEADER = YES;
				CLANG_WARN_RANGE_LOOP_ANALYSIS = YES;
				CLANG_WARN_STRICT_PROTOTYPES = YES;
				CLANG_WARN_SUSPICIOUS_MOVE = YES;
				CLANG_WARN_UNGUARDED_AVAILABILITY = YES_AGGRESSIVE;
				CLANG_WARN_UNREACHABLE_CODE = YES;
				CLANG_WARN__DUPLICATE_METHOD_MATCH = YES;
				COPY_PHASE_STRIP = NO;
				DEBUG_INFORMATION_FORMAT = dwarf;
				ENABLE_STRICT_OBJC_MSGSEND = YES;
				ENABLE_TESTABILITY = YES;
				GCC_C_LANGUAGE_STANDARD = gnu11;
				GCC_DYNAMIC_NO_PIC = NO;
				GCC_NO_COMMON_BLOCKS = YES;
				GCC_OPTIMIZATION_LEVEL = 0;
				GCC_PREPROCESSOR_DEFINITIONS = (
					"DEBUG=1",
					"$(inherited)",
				);
				GCC_WARN_64_TO_32_BIT_CONVERSION = YES;
				GCC_WARN_ABOUT_RETURN_TYPE = YES_ERROR;
				GCC_WARN_UNDECLARED_SELECTOR = YES;
				GCC_WARN_UNINITIALIZED_AUTOS = YES_AGGRESSIVE;
				GCC_WARN_UNUSED_FUNCTION = YES;
				GCC_WARN_UNUSED_VARIABLE = YES;
				IPHONEOS_DEPLOYMENT_TARGET = 14.4;
				MTL_ENABLE_DEBUG_INFO = INCLUDE_SOURCE;
				MTL_FAST_MATH = YES;
				ONLY_ACTIVE_ARCH = YES;
				SDKROOT = iphoneos;
				SWIFT_ACTIVE_COMPILATION_CONDITIONS = DEBUG;
				SWIFT_OPTIMIZATION_LEVEL = "-Onone";
			};
			name = Debug;
		};
		8AB2FBCF25FF6D1B0089F51D /* Release */ = {
			isa = XCBuildConfiguration;
			buildSettings = {
				ALWAYS_SEARCH_USER_PATHS = NO;
				CLANG_ANALYZER_NONNULL = YES;
				CLANG_ANALYZER_NUMBER_OBJECT_CONVERSION = YES_AGGRESSIVE;
				CLANG_CXX_LANGUAGE_STANDARD = "gnu++14";
				CLANG_CXX_LIBRARY = "libc++";
				CLANG_ENABLE_MODULES = YES;
				CLANG_ENABLE_OBJC_ARC = YES;
				CLANG_ENABLE_OBJC_WEAK = YES;
				CLANG_WARN_BLOCK_CAPTURE_AUTORELEASING = YES;
				CLANG_WARN_BOOL_CONVERSION = YES;
				CLANG_WARN_COMMA = YES;
				CLANG_WARN_CONSTANT_CONVERSION = YES;
				CLANG_WARN_DEPRECATED_OBJC_IMPLEMENTATIONS = YES;
				CLANG_WARN_DIRECT_OBJC_ISA_USAGE = YES_ERROR;
				CLANG_WARN_DOCUMENTATION_COMMENTS = YES;
				CLANG_WARN_EMPTY_BODY = YES;
				CLANG_WARN_ENUM_CONVERSION = YES;
				CLANG_WARN_INFINITE_RECURSION = YES;
				CLANG_WARN_INT_CONVERSION = YES;
				CLANG_WARN_NON_LITERAL_NULL_CONVERSION = YES;
				CLANG_WARN_OBJC_IMPLICIT_RETAIN_SELF = YES;
				CLANG_WARN_OBJC_LITERAL_CONVERSION = YES;
				CLANG_WARN_OBJC_ROOT_CLASS = YES_ERROR;
				CLANG_WARN_QUOTED_INCLUDE_IN_FRAMEWORK_HEADER = YES;
				CLANG_WARN_RANGE_LOOP_ANALYSIS = YES;
				CLANG_WARN_STRICT_PROTOTYPES = YES;
				CLANG_WARN_SUSPICIOUS_MOVE = YES;
				CLANG_WARN_UNGUARDED_AVAILABILITY = YES_AGGRESSIVE;
				CLANG_WARN_UNREACHABLE_CODE = YES;
				CLANG_WARN__DUPLICATE_METHOD_MATCH = YES;
				COPY_PHASE_STRIP = NO;
				DEBUG_INFORMATION_FORMAT = "dwarf-with-dsym";
				ENABLE_NS_ASSERTIONS = NO;
				ENABLE_STRICT_OBJC_MSGSEND = YES;
				GCC_C_LANGUAGE_STANDARD = gnu11;
				GCC_NO_COMMON_BLOCKS = YES;
				GCC_WARN_64_TO_32_BIT_CONVERSION = YES;
				GCC_WARN_ABOUT_RETURN_TYPE = YES_ERROR;
				GCC_WARN_UNDECLARED_SELECTOR = YES;
				GCC_WARN_UNINITIALIZED_AUTOS = YES_AGGRESSIVE;
				GCC_WARN_UNUSED_FUNCTION = YES;
				GCC_WARN_UNUSED_VARIABLE = YES;
				IPHONEOS_DEPLOYMENT_TARGET = 14.4;
				MTL_ENABLE_DEBUG_INFO = NO;
				MTL_FAST_MATH = YES;
				SDKROOT = iphoneos;
				SWIFT_COMPILATION_MODE = wholemodule;
				SWIFT_OPTIMIZATION_LEVEL = "-O";
				VALIDATE_PRODUCT = YES;
			};
			name = Release;
		};
		8AB2FBD125FF6D1B0089F51D /* Debug */ = {
			isa = XCBuildConfiguration;
			buildSettings = {
				ASSETCATALOG_COMPILER_APPICON_NAME = AppIcon;
				ASSETCATALOG_COMPILER_GLOBAL_ACCENT_COLOR_NAME = AccentColor;
				CODE_SIGN_STYLE = Automatic;
				DEVELOPMENT_ASSET_PATHS = "\"MoonShot SwiftUI/Preview Content\"";
				DEVELOPMENT_TEAM = 7MSQX36522;
				ENABLE_PREVIEWS = YES;
				INFOPLIST_FILE = "MoonShot SwiftUI/Info.plist";
				IPHONEOS_DEPLOYMENT_TARGET = 14.0;
				LD_RUNPATH_SEARCH_PATHS = (
					"$(inherited)",
					"@executable_path/Frameworks",
				);
				PRODUCT_BUNDLE_IDENTIFIER = "Bright.MoonShot-SwiftUI";
				PRODUCT_NAME = "$(TARGET_NAME)";
				SWIFT_VERSION = 5.0;
				TARGETED_DEVICE_FAMILY = "1,2";
			};
			name = Debug;
		};
		8AB2FBD225FF6D1B0089F51D /* Release */ = {
			isa = XCBuildConfiguration;
			buildSettings = {
				ASSETCATALOG_COMPILER_APPICON_NAME = AppIcon;
				ASSETCATALOG_COMPILER_GLOBAL_ACCENT_COLOR_NAME = AccentColor;
				CODE_SIGN_STYLE = Automatic;
				DEVELOPMENT_ASSET_PATHS = "\"MoonShot SwiftUI/Preview Content\"";
				DEVELOPMENT_TEAM = 7MSQX36522;
				ENABLE_PREVIEWS = YES;
				INFOPLIST_FILE = "MoonShot SwiftUI/Info.plist";
				IPHONEOS_DEPLOYMENT_TARGET = 14.0;
				LD_RUNPATH_SEARCH_PATHS = (
					"$(inherited)",
					"@executable_path/Frameworks",
				);
				PRODUCT_BUNDLE_IDENTIFIER = "Bright.MoonShot-SwiftUI";
				PRODUCT_NAME = "$(TARGET_NAME)";
				SWIFT_VERSION = 5.0;
				TARGETED_DEVICE_FAMILY = "1,2";
			};
			name = Release;
		};
/* End XCBuildConfiguration section */

/* Begin XCConfigurationList section */
		8AB2FBBC25FF6D180089F51D /* Build configuration list for PBXProject "MoonShot SwiftUI" */ = {
			isa = XCConfigurationList;
			buildConfigurations = (
				8AB2FBCE25FF6D1B0089F51D /* Debug */,
				8AB2FBCF25FF6D1B0089F51D /* Release */,
			);
			defaultConfigurationIsVisible = 0;
			defaultConfigurationName = Release;
		};
		8AB2FBD025FF6D1B0089F51D /* Build configuration list for PBXNativeTarget "MoonShot SwiftUI" */ = {
			isa = XCConfigurationList;
			buildConfigurations = (
				8AB2FBD125FF6D1B0089F51D /* Debug */,
				8AB2FBD225FF6D1B0089F51D /* Release */,
			);
			defaultConfigurationIsVisible = 0;
			defaultConfigurationName = Release;
		};
/* End XCConfigurationList section */
	};
	rootObject = 8AB2FBB925FF6D180089F51D /* Project object */;
}
